
Microsoft Visual Studio Solution File, Format Version 12.00
Project("{FAE04EC0-301F-11D3-BF4B-00C04F79EFBC}") = "HW_2_3", "HW_2_3\HW_2_3.csproj", "{3FC35F08-3600-4A31-90A6-8E0E56F4FB11}"
EndProject
Global
	GlobalSection(SolutionConfigurationPlatforms) = preSolution
		Debug|Any CPU = Debug|Any CPU
		Release|Any CPU = Release|Any CPU
	EndGlobalSection
	GlobalSection(ProjectConfigurationPlatforms) = postSolution
		{3FC35F08-3600-4A31-90A6-8E0E56F4FB11}.Debug|Any CPU.ActiveCfg = Debug|Any CPU
		{3FC35F08-3600-4A31-90A6-8E0E56F4FB11}.Debug|Any CPU.Build.0 = Debug|Any CPU
		{3FC35F08-3600-4A31-90A6-8E0E56F4FB11}.Release|Any CPU.ActiveCfg = Release|Any CPU
		{3FC35F08-3600-4A31-90A6-8E0E56F4FB11}.Release|Any CPU.Build.0 = Release|Any CPU
	EndGlobalSection
EndGlobal
